
Microsoft Visual Studio Solution File, Format Version 12.00
# Visual Studio Version 17
VisualStudioVersion = 17.7.34202.233
MinimumVisualStudioVersion = 10.0.40219.1
Project("{FAE04EC0-301F-11D3-BF4B-00C04F79EFBC}") = "new_suits_system", "new_suits_system\new_suits_system.csproj", "{CE04FEB9-E3FC-4658-9E9D-37ADC7BA1309}"
EndProject
Global
	GlobalSection(SolutionConfigurationPlatforms) = preSolution
		Debug|Any CPU = Debug|Any CPU
		Release|Any CPU = Release|Any CPU
	EndGlobalSection
	GlobalSection(ProjectConfigurationPlatforms) = postSolution
		{CE04FEB9-E3FC-4658-9E9D-37ADC7BA1309}.Debug|Any CPU.ActiveCfg = Debug|Any CPU
		{CE04FEB9-E3FC-4658-9E9D-37ADC7BA1309}.Debug|Any CPU.Build.0 = Debug|Any CPU
		{CE04FEB9-E3FC-4658-9E9D-37ADC7BA1309}.Release|Any CPU.ActiveCfg = Release|Any CPU
		{CE04FEB9-E3FC-4658-9E9D-37ADC7BA1309}.Release|Any CPU.Build.0 = Release|Any CPU
	EndGlobalSection
	GlobalSection(SolutionProperties) = preSolution
		HideSolutionNode = FALSE
	EndGlobalSection
	GlobalSection(ExtensibilityGlobals) = postSolution
		SolutionGuid = {EC7F11A9-D80A-4BE7-B513-E4ACE7C40590}
	EndGlobalSection
EndGlobal
